// !$*UTF8*$!
{
	archiveVersion = 1;
	classes = {
	};
	objectVersion = 56;
	objects = {

/* Begin PBXBuildFile section */
		102248FE2B8BA30A00F99D84 /* SnapKit in Frameworks */ = {isa = PBXBuildFile; productRef = 102248FD2B8BA30A00F99D84 /* SnapKit */; };
		102249002B8BA30A00F99D84 /* SnapKit-Dynamic in Frameworks */ = {isa = PBXBuildFile; productRef = 102248FF2B8BA30A00F99D84 /* SnapKit-Dynamic */; };
		102249042B8BA54200F99D84 /* Closure+Block.swift in Sources */ = {isa = PBXBuildFile; fileRef = 102249032B8BA54200F99D84 /* Closure+Block.swift */; };
		103E9A422B9118D80033EE7F /* AppCoordinator.swift in Sources */ = {isa = PBXBuildFile; fileRef = 103E9A412B9118D80033EE7F /* AppCoordinator.swift */; };
		103E9A4F2B922CC20033EE7F /* RulesViewController.swift in Sources */ = {isa = PBXBuildFile; fileRef = 103E9A4C2B922CC20033EE7F /* RulesViewController.swift */; };
		103E9A502B922CC20033EE7F /* Rules.swift in Sources */ = {isa = PBXBuildFile; fileRef = 103E9A4E2B922CC20033EE7F /* Rules.swift */; };
		103E9A522B922CE00033EE7F /* AttributedString.swift in Sources */ = {isa = PBXBuildFile; fileRef = 103E9A512B922CE00033EE7F /* AttributedString.swift */; };
		1041F1682B8E8C05009F271C /* PreviewSwiftUI.swift in Sources */ = {isa = PBXBuildFile; fileRef = 1041F1672B8E8C04009F271C /* PreviewSwiftUI.swift */; };
		10869E7E2B8B9EFA0018D0E9 /* AppDelegate.swift in Sources */ = {isa = PBXBuildFile; fileRef = 10869E7D2B8B9EFA0018D0E9 /* AppDelegate.swift */; };
		10869E802B8B9EFA0018D0E9 /* SceneDelegate.swift in Sources */ = {isa = PBXBuildFile; fileRef = 10869E7F2B8B9EFA0018D0E9 /* SceneDelegate.swift */; };
		10869E872B8B9EFC0018D0E9 /* Assets.xcassets in Resources */ = {isa = PBXBuildFile; fileRef = 10869E862B8B9EFC0018D0E9 /* Assets.xcassets */; };
		10869E8A2B8B9EFC0018D0E9 /* LaunchScreen.storyboard in Resources */ = {isa = PBXBuildFile; fileRef = 10869E882B8B9EFC0018D0E9 /* LaunchScreen.storyboard */; };
		109A02822B93311F000DFA7F /* Roboto-Medium.ttf in Resources */ = {isa = PBXBuildFile; fileRef = 109A02802B93311F000DFA7F /* Roboto-Medium.ttf */; };
		109A02832B93311F000DFA7F /* Syne.ttf in Resources */ = {isa = PBXBuildFile; fileRef = 109A02812B93311F000DFA7F /* Syne.ttf */; };
		109A028B2B93312E000DFA7F /* ResultViewController.swift in Sources */ = {isa = PBXBuildFile; fileRef = 109A02862B93312E000DFA7F /* ResultViewController.swift */; };
		109A028C2B93312E000DFA7F /* ResultModel.swift in Sources */ = {isa = PBXBuildFile; fileRef = 109A02882B93312E000DFA7F /* ResultModel.swift */; };
		109A028D2B93312E000DFA7F /* ResultView.swift in Sources */ = {isa = PBXBuildFile; fileRef = 109A028A2B93312E000DFA7F /* ResultView.swift */; };
		109A02912B936773000DFA7F /* ClueButton.swift in Sources */ = {isa = PBXBuildFile; fileRef = 109A02902B936773000DFA7F /* ClueButton.swift */; };
		5D5CE94F2B910E8600811030 /* QuestionModel.swift in Sources */ = {isa = PBXBuildFile; fileRef = 5D5CE94E2B910E8600811030 /* QuestionModel.swift */; };
		5D5CE9512B9115C800811030 /* QuestionsMedium.json in Resources */ = {isa = PBXBuildFile; fileRef = 5D5CE9502B9115C700811030 /* QuestionsMedium.json */; };
		5D5CE9532B9115E400811030 /* JsonParser.swift in Sources */ = {isa = PBXBuildFile; fileRef = 5D5CE9522B9115E400811030 /* JsonParser.swift */; };
		5DE02DA12B92071D00130254 /* GameViewController.swift in Sources */ = {isa = PBXBuildFile; fileRef = 5DE02DA02B92071D00130254 /* GameViewController.swift */; };
		5DE02DAA2B934F8500130254 /* UIColor+Extension.swift in Sources */ = {isa = PBXBuildFile; fileRef = 5DE02DA92B934F8400130254 /* UIColor+Extension.swift */; };
		5DE02DAC2B9355B900130254 /* CustomButton.swift in Sources */ = {isa = PBXBuildFile; fileRef = 5DE02DAB2B9355B900130254 /* CustomButton.swift */; };
		AA502A322B8E61F0006FD6B2 /* ProgressImage.swift in Sources */ = {isa = PBXBuildFile; fileRef = AA502A312B8E61F0006FD6B2 /* ProgressImage.swift */; };
		AA502A362B8E6EA8006FD6B2 /* QuestionImageCell.swift in Sources */ = {isa = PBXBuildFile; fileRef = AA502A352B8E6EA8006FD6B2 /* QuestionImageCell.swift */; };
		AA7144122B8E1E07007247CE /* ProgressViewController.swift in Sources */ = {isa = PBXBuildFile; fileRef = AA7144112B8E1E07007247CE /* ProgressViewController.swift */; };
		AA7B083A2B8FDF1900B4AC87 /* waitingAnswerSound.mp3 in Resources */ = {isa = PBXBuildFile; fileRef = AA7B08372B8FDF1900B4AC87 /* waitingAnswerSound.mp3 */; };
		AA7B083B2B8FDF1900B4AC87 /* wrongAnswerSound.mp3 in Resources */ = {isa = PBXBuildFile; fileRef = AA7B08382B8FDF1900B4AC87 /* wrongAnswerSound.mp3 */; };
		AA7B083C2B8FDF1900B4AC87 /* correctAnswerSound.mp3 in Resources */ = {isa = PBXBuildFile; fileRef = AA7B08392B8FDF1900B4AC87 /* correctAnswerSound.mp3 */; };
		AA92B5892B8CC41A00EDDB44 /* StartViewController.swift in Sources */ = {isa = PBXBuildFile; fileRef = AA92B5882B8CC41A00EDDB44 /* StartViewController.swift */; };
		AA92B58B2B8D0C9000EDDB44 /* UIView+Extension.swift in Sources */ = {isa = PBXBuildFile; fileRef = AA92B58A2B8D0C9000EDDB44 /* UIView+Extension.swift */; };
		AAA055CC2B90B69E001E554F /* UICollectionViewCell+Extension.swift in Sources */ = {isa = PBXBuildFile; fileRef = AAA055CB2B90B69E001E554F /* UICollectionViewCell+Extension.swift */; };
		AADC244C2B94F5EF0066F20B /* QuestionsHard.json in Resources */ = {isa = PBXBuildFile; fileRef = AADC244B2B94F5EF0066F20B /* QuestionsHard.json */; };
		AADC244D2B94F60B0066F20B /* QuestionsEasy.json in Resources */ = {isa = PBXBuildFile; fileRef = AADC244A2B94F5660066F20B /* QuestionsEasy.json */; };
/* End PBXBuildFile section */

/* Begin PBXFileReference section */
		102249032B8BA54200F99D84 /* Closure+Block.swift */ = {isa = PBXFileReference; fileEncoding = 4; lastKnownFileType = sourcecode.swift; path = "Closure+Block.swift"; sourceTree = "<group>"; };
		103E9A412B9118D80033EE7F /* AppCoordinator.swift */ = {isa = PBXFileReference; lastKnownFileType = sourcecode.swift; path = AppCoordinator.swift; sourceTree = "<group>"; };
		103E9A4C2B922CC20033EE7F /* RulesViewController.swift */ = {isa = PBXFileReference; fileEncoding = 4; lastKnownFileType = sourcecode.swift; path = RulesViewController.swift; sourceTree = "<group>"; };
		103E9A4E2B922CC20033EE7F /* Rules.swift */ = {isa = PBXFileReference; fileEncoding = 4; lastKnownFileType = sourcecode.swift; path = Rules.swift; sourceTree = "<group>"; };
		103E9A512B922CE00033EE7F /* AttributedString.swift */ = {isa = PBXFileReference; fileEncoding = 4; lastKnownFileType = sourcecode.swift; path = AttributedString.swift; sourceTree = "<group>"; };
		1041F1672B8E8C04009F271C /* PreviewSwiftUI.swift */ = {isa = PBXFileReference; fileEncoding = 4; lastKnownFileType = sourcecode.swift; path = PreviewSwiftUI.swift; sourceTree = "<group>"; };
		10869E7A2B8B9EFA0018D0E9 /* MillionaireApp.app */ = {isa = PBXFileReference; explicitFileType = wrapper.application; includeInIndex = 0; path = MillionaireApp.app; sourceTree = BUILT_PRODUCTS_DIR; };
		10869E7D2B8B9EFA0018D0E9 /* AppDelegate.swift */ = {isa = PBXFileReference; lastKnownFileType = sourcecode.swift; path = AppDelegate.swift; sourceTree = "<group>"; };
		10869E7F2B8B9EFA0018D0E9 /* SceneDelegate.swift */ = {isa = PBXFileReference; lastKnownFileType = sourcecode.swift; path = SceneDelegate.swift; sourceTree = "<group>"; };
		10869E862B8B9EFC0018D0E9 /* Assets.xcassets */ = {isa = PBXFileReference; lastKnownFileType = folder.assetcatalog; path = Assets.xcassets; sourceTree = "<group>"; };
		10869E892B8B9EFC0018D0E9 /* Base */ = {isa = PBXFileReference; lastKnownFileType = file.storyboard; name = Base; path = Base.lproj/LaunchScreen.storyboard; sourceTree = "<group>"; };
		10869E8B2B8B9EFC0018D0E9 /* Info.plist */ = {isa = PBXFileReference; lastKnownFileType = text.plist.xml; path = Info.plist; sourceTree = "<group>"; };
		109A02802B93311F000DFA7F /* Roboto-Medium.ttf */ = {isa = PBXFileReference; lastKnownFileType = file; path = "Roboto-Medium.ttf"; sourceTree = "<group>"; };
		109A02812B93311F000DFA7F /* Syne.ttf */ = {isa = PBXFileReference; lastKnownFileType = file; path = Syne.ttf; sourceTree = "<group>"; };
		109A02862B93312E000DFA7F /* ResultViewController.swift */ = {isa = PBXFileReference; fileEncoding = 4; lastKnownFileType = sourcecode.swift; path = ResultViewController.swift; sourceTree = "<group>"; };
		109A02882B93312E000DFA7F /* ResultModel.swift */ = {isa = PBXFileReference; fileEncoding = 4; lastKnownFileType = sourcecode.swift; path = ResultModel.swift; sourceTree = "<group>"; };
		109A028A2B93312E000DFA7F /* ResultView.swift */ = {isa = PBXFileReference; fileEncoding = 4; lastKnownFileType = sourcecode.swift; path = ResultView.swift; sourceTree = "<group>"; };
		109A02902B936773000DFA7F /* ClueButton.swift */ = {isa = PBXFileReference; lastKnownFileType = sourcecode.swift; path = ClueButton.swift; sourceTree = "<group>"; };
		5D5CE94E2B910E8600811030 /* QuestionModel.swift */ = {isa = PBXFileReference; fileEncoding = 4; lastKnownFileType = sourcecode.swift; path = QuestionModel.swift; sourceTree = "<group>"; };
		5D5CE9502B9115C700811030 /* QuestionsMedium.json */ = {isa = PBXFileReference; fileEncoding = 4; lastKnownFileType = text.json; path = QuestionsMedium.json; sourceTree = "<group>"; };
		5D5CE9522B9115E400811030 /* JsonParser.swift */ = {isa = PBXFileReference; lastKnownFileType = sourcecode.swift; path = JsonParser.swift; sourceTree = "<group>"; };
		5DE02DA02B92071D00130254 /* GameViewController.swift */ = {isa = PBXFileReference; lastKnownFileType = sourcecode.swift; path = GameViewController.swift; sourceTree = "<group>"; };
		5DE02DA92B934F8400130254 /* UIColor+Extension.swift */ = {isa = PBXFileReference; lastKnownFileType = sourcecode.swift; path = "UIColor+Extension.swift"; sourceTree = "<group>"; };
		5DE02DAB2B9355B900130254 /* CustomButton.swift */ = {isa = PBXFileReference; lastKnownFileType = sourcecode.swift; path = CustomButton.swift; sourceTree = "<group>"; };
		AA502A312B8E61F0006FD6B2 /* ProgressImage.swift */ = {isa = PBXFileReference; lastKnownFileType = sourcecode.swift; path = ProgressImage.swift; sourceTree = "<group>"; };
		AA502A352B8E6EA8006FD6B2 /* QuestionImageCell.swift */ = {isa = PBXFileReference; lastKnownFileType = sourcecode.swift; path = QuestionImageCell.swift; sourceTree = "<group>"; };
		AA7144112B8E1E07007247CE /* ProgressViewController.swift */ = {isa = PBXFileReference; lastKnownFileType = sourcecode.swift; path = ProgressViewController.swift; sourceTree = "<group>"; };
		AA7B08372B8FDF1900B4AC87 /* waitingAnswerSound.mp3 */ = {isa = PBXFileReference; lastKnownFileType = audio.mp3; path = waitingAnswerSound.mp3; sourceTree = "<group>"; };
		AA7B08382B8FDF1900B4AC87 /* wrongAnswerSound.mp3 */ = {isa = PBXFileReference; lastKnownFileType = audio.mp3; path = wrongAnswerSound.mp3; sourceTree = "<group>"; };
		AA7B08392B8FDF1900B4AC87 /* correctAnswerSound.mp3 */ = {isa = PBXFileReference; lastKnownFileType = audio.mp3; path = correctAnswerSound.mp3; sourceTree = "<group>"; };
		AA92B5882B8CC41A00EDDB44 /* StartViewController.swift */ = {isa = PBXFileReference; lastKnownFileType = sourcecode.swift; path = StartViewController.swift; sourceTree = "<group>"; };
		AA92B58A2B8D0C9000EDDB44 /* UIView+Extension.swift */ = {isa = PBXFileReference; lastKnownFileType = sourcecode.swift; path = "UIView+Extension.swift"; sourceTree = "<group>"; };
		AAA055CB2B90B69E001E554F /* UICollectionViewCell+Extension.swift */ = {isa = PBXFileReference; lastKnownFileType = sourcecode.swift; path = "UICollectionViewCell+Extension.swift"; sourceTree = "<group>"; };
		AADC244A2B94F5660066F20B /* QuestionsEasy.json */ = {isa = PBXFileReference; fileEncoding = 4; lastKnownFileType = text.json; path = QuestionsEasy.json; sourceTree = "<group>"; };
		AADC244B2B94F5EF0066F20B /* QuestionsHard.json */ = {isa = PBXFileReference; fileEncoding = 4; lastKnownFileType = text.json; path = QuestionsHard.json; sourceTree = "<group>"; };
/* End PBXFileReference section */

/* Begin PBXFrameworksBuildPhase section */
		10869E772B8B9EFA0018D0E9 /* Frameworks */ = {
			isa = PBXFrameworksBuildPhase;
			buildActionMask = 2147483647;
			files = (
				102248FE2B8BA30A00F99D84 /* SnapKit in Frameworks */,
				102249002B8BA30A00F99D84 /* SnapKit-Dynamic in Frameworks */,
			);
			runOnlyForDeploymentPostprocessing = 0;
		};
/* End PBXFrameworksBuildPhase section */

/* Begin PBXGroup section */
		102249012B8BA51300F99D84 /* Common */ = {
			isa = PBXGroup;
			children = (
				1041F1672B8E8C04009F271C /* PreviewSwiftUI.swift */,
				102249022B8BA52200F99D84 /* Extension */,
			);
			path = Common;
			sourceTree = "<group>";
		};
		102249022B8BA52200F99D84 /* Extension */ = {
			isa = PBXGroup;
			children = (
				103E9A512B922CE00033EE7F /* AttributedString.swift */,
				102249032B8BA54200F99D84 /* Closure+Block.swift */,
				AA92B58A2B8D0C9000EDDB44 /* UIView+Extension.swift */,
				AAA055CB2B90B69E001E554F /* UICollectionViewCell+Extension.swift */,
				5DE02DA92B934F8400130254 /* UIColor+Extension.swift */,
			);
			path = Extension;
			sourceTree = "<group>";
		};
		103E9A4B2B922CC20033EE7F /* Rules */ = {
			isa = PBXGroup;
			children = (
				103E9A4C2B922CC20033EE7F /* RulesViewController.swift */,
				103E9A4D2B922CC20033EE7F /* Model */,
			);
			path = Rules;
			sourceTree = "<group>";
		};
		103E9A4D2B922CC20033EE7F /* Model */ = {
			isa = PBXGroup;
			children = (
				103E9A4E2B922CC20033EE7F /* Rules.swift */,
			);
			path = Model;
			sourceTree = "<group>";
		};
		10869E712B8B9EFA0018D0E9 = {
			isa = PBXGroup;
			children = (
				10869E7C2B8B9EFA0018D0E9 /* MillionaireApp */,
				10869E7B2B8B9EFA0018D0E9 /* Products */,
			);
			sourceTree = "<group>";
		};
		10869E7B2B8B9EFA0018D0E9 /* Products */ = {
			isa = PBXGroup;
			children = (
				10869E7A2B8B9EFA0018D0E9 /* MillionaireApp.app */,
			);
			name = Products;
			sourceTree = "<group>";
		};
		10869E7C2B8B9EFA0018D0E9 /* MillionaireApp */ = {
			isa = PBXGroup;
			children = (
				10869E912B8BA06F0018D0E9 /* App */,
				102249012B8BA51300F99D84 /* Common */,
				5D5CE9542B911B3200811030 /* DataService */,
				5D5CE9492B910E2800811030 /* Models */,
				10869E922B8BA0750018D0E9 /* UI */,
				10869E932B8BA0970018D0E9 /* Resources */,
			);
			path = MillionaireApp;
			sourceTree = "<group>";
		};
		10869E912B8BA06F0018D0E9 /* App */ = {
			isa = PBXGroup;
			children = (
				10869E7D2B8B9EFA0018D0E9 /* AppDelegate.swift */,
				10869E7F2B8B9EFA0018D0E9 /* SceneDelegate.swift */,
				10869E8B2B8B9EFC0018D0E9 /* Info.plist */,
				10869E882B8B9EFC0018D0E9 /* LaunchScreen.storyboard */,
			);
			path = App;
			sourceTree = "<group>";
		};
		10869E922B8BA0750018D0E9 /* UI */ = {
			isa = PBXGroup;
			children = (
				103E9A412B9118D80033EE7F /* AppCoordinator.swift */,
				AA92B5872B8CC3DD00EDDB44 /* Start */,
				AA7144102B8E1DD8007247CE /* Progress */,
				103E9A4B2B922CC20033EE7F /* Rules */,
				109A02842B93312E000DFA7F /* Result */,
				5DE02DA22B92072200130254 /* GamePage */,
			);
			path = UI;
			sourceTree = "<group>";
		};
		10869E932B8BA0970018D0E9 /* Resources */ = {
			isa = PBXGroup;
			children = (
				109A027F2B93311F000DFA7F /* Font */,
				AA7B08362B8FD8F400B4AC87 /* Sounds */,
				10869E862B8B9EFC0018D0E9 /* Assets.xcassets */,
			);
			path = Resources;
			sourceTree = "<group>";
		};
		109A027F2B93311F000DFA7F /* Font */ = {
			isa = PBXGroup;
			children = (
				109A02802B93311F000DFA7F /* Roboto-Medium.ttf */,
				109A02812B93311F000DFA7F /* Syne.ttf */,
			);
			path = Font;
			sourceTree = "<group>";
		};
		109A02842B93312E000DFA7F /* Result */ = {
			isa = PBXGroup;
			children = (
				109A02852B93312E000DFA7F /* Controller */,
				109A02872B93312E000DFA7F /* Model */,
				109A02892B93312E000DFA7F /* View */,
			);
			path = Result;
			sourceTree = "<group>";
		};
		109A02852B93312E000DFA7F /* Controller */ = {
			isa = PBXGroup;
			children = (
				109A02862B93312E000DFA7F /* ResultViewController.swift */,
			);
			path = Controller;
			sourceTree = "<group>";
		};
		109A02872B93312E000DFA7F /* Model */ = {
			isa = PBXGroup;
			children = (
				109A02882B93312E000DFA7F /* ResultModel.swift */,
			);
			path = Model;
			sourceTree = "<group>";
		};
		109A02892B93312E000DFA7F /* View */ = {
			isa = PBXGroup;
			children = (
				109A028A2B93312E000DFA7F /* ResultView.swift */,
			);
			path = View;
			sourceTree = "<group>";
		};
		109A028E2B936681000DFA7F /* Views */ = {
			isa = PBXGroup;
			children = (
				5DE02DAB2B9355B900130254 /* CustomButton.swift */,
				109A02902B936773000DFA7F /* ClueButton.swift */,
			);
			path = Views;
			sourceTree = "<group>";
		};
		5D5CE9492B910E2800811030 /* Models */ = {
			isa = PBXGroup;
			children = (
				5D5CE94E2B910E8600811030 /* QuestionModel.swift */,
			);
			path = Models;
			sourceTree = "<group>";
		};
		5D5CE9542B911B3200811030 /* DataService */ = {
			isa = PBXGroup;
			children = (
				5D5CE9522B9115E400811030 /* JsonParser.swift */,
				AADC244A2B94F5660066F20B /* QuestionsEasy.json */,
				5D5CE9502B9115C700811030 /* QuestionsMedium.json */,
				AADC244B2B94F5EF0066F20B /* QuestionsHard.json */,
			);
			path = DataService;
			sourceTree = "<group>";
		};
		5DE02DA22B92072200130254 /* GamePage */ = {
			isa = PBXGroup;
			children = (
				5DE02DA02B92071D00130254 /* GameViewController.swift */,
				109A028E2B936681000DFA7F /* Views */,
			);
			path = GamePage;
			sourceTree = "<group>";
		};
		AA502A332B8E6B5F006FD6B2 /* View */ = {
			isa = PBXGroup;
			children = (
				AA502A352B8E6EA8006FD6B2 /* QuestionImageCell.swift */,
			);
			path = View;
			sourceTree = "<group>";
		};
		AA502A342B8E6B65006FD6B2 /* Model */ = {
			isa = PBXGroup;
			children = (
				AA502A312B8E61F0006FD6B2 /* ProgressImage.swift */,
			);
			path = Model;
			sourceTree = "<group>";
		};
		AA7144102B8E1DD8007247CE /* Progress */ = {
			isa = PBXGroup;
			children = (
				AA502A342B8E6B65006FD6B2 /* Model */,
				AA502A332B8E6B5F006FD6B2 /* View */,
				AAA055CD2B90CD70001E554F /* Controller */,
			);
			path = Progress;
			sourceTree = "<group>";
		};
		AA7B08362B8FD8F400B4AC87 /* Sounds */ = {
			isa = PBXGroup;
			children = (
				AA7B08392B8FDF1900B4AC87 /* correctAnswerSound.mp3 */,
				AA7B08372B8FDF1900B4AC87 /* waitingAnswerSound.mp3 */,
				AA7B08382B8FDF1900B4AC87 /* wrongAnswerSound.mp3 */,
			);
			path = Sounds;
			sourceTree = "<group>";
		};
		AA92B5872B8CC3DD00EDDB44 /* Start */ = {
			isa = PBXGroup;
			children = (
				AA92B5882B8CC41A00EDDB44 /* StartViewController.swift */,
			);
			path = Start;
			sourceTree = "<group>";
		};
		AAA055CD2B90CD70001E554F /* Controller */ = {
			isa = PBXGroup;
			children = (
				AA7144112B8E1E07007247CE /* ProgressViewController.swift */,
			);
			path = Controller;
			sourceTree = "<group>";
		};
/* End PBXGroup section */

/* Begin PBXNativeTarget section */
		10869E792B8B9EFA0018D0E9 /* MillionaireApp */ = {
			isa = PBXNativeTarget;
			buildConfigurationList = 10869E8E2B8B9EFC0018D0E9 /* Build configuration list for PBXNativeTarget "MillionaireApp" */;
			buildPhases = (
				10869E762B8B9EFA0018D0E9 /* Sources */,
				10869E772B8B9EFA0018D0E9 /* Frameworks */,
				10869E782B8B9EFA0018D0E9 /* Resources */,
			);
			buildRules = (
			);
			dependencies = (
			);
			name = MillionaireApp;
			packageProductDependencies = (
				102248FD2B8BA30A00F99D84 /* SnapKit */,
				102248FF2B8BA30A00F99D84 /* SnapKit-Dynamic */,
			);
			productName = MillionaireApp;
			productReference = 10869E7A2B8B9EFA0018D0E9 /* MillionaireApp.app */;
			productType = "com.apple.product-type.application";
		};
/* End PBXNativeTarget section */

/* Begin PBXProject section */
		10869E722B8B9EFA0018D0E9 /* Project object */ = {
			isa = PBXProject;
			attributes = {
				BuildIndependentTargetsInParallel = 1;
				LastSwiftUpdateCheck = 1520;
				LastUpgradeCheck = 1520;
				TargetAttributes = {
					10869E792B8B9EFA0018D0E9 = {
						CreatedOnToolsVersion = 15.2;
					};
				};
			};
			buildConfigurationList = 10869E752B8B9EFA0018D0E9 /* Build configuration list for PBXProject "MillionaireApp" */;
			compatibilityVersion = "Xcode 14.0";
			developmentRegion = en;
			hasScannedForEncodings = 0;
			knownRegions = (
				en,
				Base,
			);
			mainGroup = 10869E712B8B9EFA0018D0E9;
			packageReferences = (
				102248FC2B8BA30A00F99D84 /* XCRemoteSwiftPackageReference "SnapKit" */,
			);
			productRefGroup = 10869E7B2B8B9EFA0018D0E9 /* Products */;
			projectDirPath = "";
			projectRoot = "";
			targets = (
				10869E792B8B9EFA0018D0E9 /* MillionaireApp */,
			);
		};
/* End PBXProject section */

/* Begin PBXResourcesBuildPhase section */
		10869E782B8B9EFA0018D0E9 /* Resources */ = {
			isa = PBXResourcesBuildPhase;
			buildActionMask = 2147483647;
			files = (
				10869E8A2B8B9EFC0018D0E9 /* LaunchScreen.storyboard in Resources */,
				5D5CE9512B9115C800811030 /* QuestionsMedium.json in Resources */,
				AA7B083A2B8FDF1900B4AC87 /* waitingAnswerSound.mp3 in Resources */,
				AADC244C2B94F5EF0066F20B /* QuestionsHard.json in Resources */,
				109A02832B93311F000DFA7F /* Syne.ttf in Resources */,
				AADC244D2B94F60B0066F20B /* QuestionsEasy.json in Resources */,
				109A02822B93311F000DFA7F /* Roboto-Medium.ttf in Resources */,
				AA7B083C2B8FDF1900B4AC87 /* correctAnswerSound.mp3 in Resources */,
				10869E872B8B9EFC0018D0E9 /* Assets.xcassets in Resources */,
				AA7B083B2B8FDF1900B4AC87 /* wrongAnswerSound.mp3 in Resources */,
			);
			runOnlyForDeploymentPostprocessing = 0;
		};
/* End PBXResourcesBuildPhase section */

/* Begin PBXSourcesBuildPhase section */
		10869E762B8B9EFA0018D0E9 /* Sources */ = {
			isa = PBXSourcesBuildPhase;
			buildActionMask = 2147483647;
			files = (
				109A02912B936773000DFA7F /* ClueButton.swift in Sources */,
				AA92B58B2B8D0C9000EDDB44 /* UIView+Extension.swift in Sources */,
				103E9A502B922CC20033EE7F /* Rules.swift in Sources */,
				5D5CE9532B9115E400811030 /* JsonParser.swift in Sources */,
				102249042B8BA54200F99D84 /* Closure+Block.swift in Sources */,
				AA502A362B8E6EA8006FD6B2 /* QuestionImageCell.swift in Sources */,
				103E9A522B922CE00033EE7F /* AttributedString.swift in Sources */,
				AA7144122B8E1E07007247CE /* ProgressViewController.swift in Sources */,
				AA502A322B8E61F0006FD6B2 /* ProgressImage.swift in Sources */,
				10869E7E2B8B9EFA0018D0E9 /* AppDelegate.swift in Sources */,
				5DE02DAA2B934F8500130254 /* UIColor+Extension.swift in Sources */,
				103E9A422B9118D80033EE7F /* AppCoordinator.swift in Sources */,
				10869E802B8B9EFA0018D0E9 /* SceneDelegate.swift in Sources */,
				103E9A4F2B922CC20033EE7F /* RulesViewController.swift in Sources */,
				109A028C2B93312E000DFA7F /* ResultModel.swift in Sources */,
				5D5CE94F2B910E8600811030 /* QuestionModel.swift in Sources */,
				AAA055CC2B90B69E001E554F /* UICollectionViewCell+Extension.swift in Sources */,
				AA92B5892B8CC41A00EDDB44 /* StartViewController.swift in Sources */,
				109A028D2B93312E000DFA7F /* ResultView.swift in Sources */,
				1041F1682B8E8C05009F271C /* PreviewSwiftUI.swift in Sources */,
				109A028B2B93312E000DFA7F /* ResultViewController.swift in Sources */,
				5DE02DAC2B9355B900130254 /* CustomButton.swift in Sources */,
				5DE02DA12B92071D00130254 /* GameViewController.swift in Sources */,
			);
			runOnlyForDeploymentPostprocessing = 0;
		};
/* End PBXSourcesBuildPhase section */

/* Begin PBXVariantGroup section */
		10869E882B8B9EFC0018D0E9 /* LaunchScreen.storyboard */ = {
			isa = PBXVariantGroup;
			children = (
				10869E892B8B9EFC0018D0E9 /* Base */,
			);
			name = LaunchScreen.storyboard;
			sourceTree = "<group>";
		};
/* End PBXVariantGroup section */

/* Begin XCBuildConfiguration section */
		10869E8C2B8B9EFC0018D0E9 /* Debug */ = {
			isa = XCBuildConfiguration;
			buildSettings = {
				ALWAYS_SEARCH_USER_PATHS = NO;
				ASSETCATALOG_COMPILER_GENERATE_SWIFT_ASSET_SYMBOL_EXTENSIONS = YES;
				CLANG_ANALYZER_NONNULL = YES;
				CLANG_ANALYZER_NUMBER_OBJECT_CONVERSION = YES_AGGRESSIVE;
				CLANG_CXX_LANGUAGE_STANDARD = "gnu++20";
				CLANG_ENABLE_MODULES = YES;
				CLANG_ENABLE_OBJC_ARC = YES;
				CLANG_ENABLE_OBJC_WEAK = YES;
				CLANG_WARN_BLOCK_CAPTURE_AUTORELEASING = YES;
				CLANG_WARN_BOOL_CONVERSION = YES;
				CLANG_WARN_COMMA = YES;
				CLANG_WARN_CONSTANT_CONVERSION = YES;
				CLANG_WARN_DEPRECATED_OBJC_IMPLEMENTATIONS = YES;
				CLANG_WARN_DIRECT_OBJC_ISA_USAGE = YES_ERROR;
				CLANG_WARN_DOCUMENTATION_COMMENTS = YES;
				CLANG_WARN_EMPTY_BODY = YES;
				CLANG_WARN_ENUM_CONVERSION = YES;
				CLANG_WARN_INFINITE_RECURSION = YES;
				CLANG_WARN_INT_CONVERSION = YES;
				CLANG_WARN_NON_LITERAL_NULL_CONVERSION = YES;
				CLANG_WARN_OBJC_IMPLICIT_RETAIN_SELF = YES;
				CLANG_WARN_OBJC_LITERAL_CONVERSION = YES;
				CLANG_WARN_OBJC_ROOT_CLASS = YES_ERROR;
				CLANG_WARN_QUOTED_INCLUDE_IN_FRAMEWORK_HEADER = YES;
				CLANG_WARN_RANGE_LOOP_ANALYSIS = YES;
				CLANG_WARN_STRICT_PROTOTYPES = YES;
				CLANG_WARN_SUSPICIOUS_MOVE = YES;
				CLANG_WARN_UNGUARDED_AVAILABILITY = YES_AGGRESSIVE;
				CLANG_WARN_UNREACHABLE_CODE = YES;
				CLANG_WARN__DUPLICATE_METHOD_MATCH = YES;
				COPY_PHASE_STRIP = NO;
				DEBUG_INFORMATION_FORMAT = dwarf;
				ENABLE_STRICT_OBJC_MSGSEND = YES;
				ENABLE_TESTABILITY = YES;
				ENABLE_USER_SCRIPT_SANDBOXING = YES;
				GCC_C_LANGUAGE_STANDARD = gnu17;
				GCC_DYNAMIC_NO_PIC = NO;
				GCC_NO_COMMON_BLOCKS = YES;
				GCC_OPTIMIZATION_LEVEL = 0;
				GCC_PREPROCESSOR_DEFINITIONS = (
					"DEBUG=1",
					"$(inherited)",
				);
				GCC_WARN_64_TO_32_BIT_CONVERSION = YES;
				GCC_WARN_ABOUT_RETURN_TYPE = YES_ERROR;
				GCC_WARN_UNDECLARED_SELECTOR = YES;
				GCC_WARN_UNINITIALIZED_AUTOS = YES_AGGRESSIVE;
				GCC_WARN_UNUSED_FUNCTION = YES;
				GCC_WARN_UNUSED_VARIABLE = YES;
				IPHONEOS_DEPLOYMENT_TARGET = 17.2;
				LOCALIZATION_PREFERS_STRING_CATALOGS = YES;
				MTL_ENABLE_DEBUG_INFO = INCLUDE_SOURCE;
				MTL_FAST_MATH = YES;
				ONLY_ACTIVE_ARCH = YES;
				SDKROOT = iphoneos;
				SWIFT_ACTIVE_COMPILATION_CONDITIONS = "DEBUG $(inherited)";
				SWIFT_OPTIMIZATION_LEVEL = "-Onone";
			};
			name = Debug;
		};
		10869E8D2B8B9EFC0018D0E9 /* Release */ = {
			isa = XCBuildConfiguration;
			buildSettings = {
				ALWAYS_SEARCH_USER_PATHS = NO;
				ASSETCATALOG_COMPILER_GENERATE_SWIFT_ASSET_SYMBOL_EXTENSIONS = YES;
				CLANG_ANALYZER_NONNULL = YES;
				CLANG_ANALYZER_NUMBER_OBJECT_CONVERSION = YES_AGGRESSIVE;
				CLANG_CXX_LANGUAGE_STANDARD = "gnu++20";
				CLANG_ENABLE_MODULES = YES;
				CLANG_ENABLE_OBJC_ARC = YES;
				CLANG_ENABLE_OBJC_WEAK = YES;
				CLANG_WARN_BLOCK_CAPTURE_AUTORELEASING = YES;
				CLANG_WARN_BOOL_CONVERSION = YES;
				CLANG_WARN_COMMA = YES;
				CLANG_WARN_CONSTANT_CONVERSION = YES;
				CLANG_WARN_DEPRECATED_OBJC_IMPLEMENTATIONS = YES;
				CLANG_WARN_DIRECT_OBJC_ISA_USAGE = YES_ERROR;
				CLANG_WARN_DOCUMENTATION_COMMENTS = YES;
				CLANG_WARN_EMPTY_BODY = YES;
				CLANG_WARN_ENUM_CONVERSION = YES;
				CLANG_WARN_INFINITE_RECURSION = YES;
				CLANG_WARN_INT_CONVERSION = YES;
				CLANG_WARN_NON_LITERAL_NULL_CONVERSION = YES;
				CLANG_WARN_OBJC_IMPLICIT_RETAIN_SELF = YES;
				CLANG_WARN_OBJC_LITERAL_CONVERSION = YES;
				CLANG_WARN_OBJC_ROOT_CLASS = YES_ERROR;
				CLANG_WARN_QUOTED_INCLUDE_IN_FRAMEWORK_HEADER = YES;
				CLANG_WARN_RANGE_LOOP_ANALYSIS = YES;
				CLANG_WARN_STRICT_PROTOTYPES = YES;
				CLANG_WARN_SUSPICIOUS_MOVE = YES;
				CLANG_WARN_UNGUARDED_AVAILABILITY = YES_AGGRESSIVE;
				CLANG_WARN_UNREACHABLE_CODE = YES;
				CLANG_WARN__DUPLICATE_METHOD_MATCH = YES;
				COPY_PHASE_STRIP = NO;
				DEBUG_INFORMATION_FORMAT = "dwarf-with-dsym";
				ENABLE_NS_ASSERTIONS = NO;
				ENABLE_STRICT_OBJC_MSGSEND = YES;
				ENABLE_USER_SCRIPT_SANDBOXING = YES;
				GCC_C_LANGUAGE_STANDARD = gnu17;
				GCC_NO_COMMON_BLOCKS = YES;
				GCC_WARN_64_TO_32_BIT_CONVERSION = YES;
				GCC_WARN_ABOUT_RETURN_TYPE = YES_ERROR;
				GCC_WARN_UNDECLARED_SELECTOR = YES;
				GCC_WARN_UNINITIALIZED_AUTOS = YES_AGGRESSIVE;
				GCC_WARN_UNUSED_FUNCTION = YES;
				GCC_WARN_UNUSED_VARIABLE = YES;
				IPHONEOS_DEPLOYMENT_TARGET = 17.2;
				LOCALIZATION_PREFERS_STRING_CATALOGS = YES;
				MTL_ENABLE_DEBUG_INFO = NO;
				MTL_FAST_MATH = YES;
				SDKROOT = iphoneos;
				SWIFT_COMPILATION_MODE = wholemodule;
				VALIDATE_PRODUCT = YES;
			};
			name = Release;
		};
		10869E8F2B8B9EFC0018D0E9 /* Debug */ = {
			isa = XCBuildConfiguration;
			buildSettings = {
				ASSETCATALOG_COMPILER_APPICON_NAME = AppIcon;
				ASSETCATALOG_COMPILER_GLOBAL_ACCENT_COLOR_NAME = AccentColor;
				CODE_SIGN_STYLE = Automatic;
				CURRENT_PROJECT_VERSION = 1;
				GENERATE_INFOPLIST_FILE = YES;
				INFOPLIST_FILE = MillionaireApp/App/Info.plist;
				INFOPLIST_KEY_UIApplicationSupportsIndirectInputEvents = YES;
				INFOPLIST_KEY_UILaunchStoryboardName = LaunchScreen;
				INFOPLIST_KEY_UISupportedInterfaceOrientations = UIInterfaceOrientationPortrait;
				INFOPLIST_KEY_UISupportedInterfaceOrientations_iPad = "UIInterfaceOrientationLandscapeLeft UIInterfaceOrientationLandscapeRight UIInterfaceOrientationPortrait UIInterfaceOrientationPortraitUpsideDown";
				IPHONEOS_DEPLOYMENT_TARGET = 15.0;
				LD_RUNPATH_SEARCH_PATHS = (
					"$(inherited)",
					"@executable_path/Frameworks",
				);
				MARKETING_VERSION = 1.0;
				PRODUCT_BUNDLE_IDENTIFIER = com.pashagritskov.MillionaireApp;
				PRODUCT_NAME = "$(TARGET_NAME)";
				SUPPORTED_PLATFORMS = "iphoneos iphonesimulator";
				SUPPORTS_MACCATALYST = NO;
				SUPPORTS_MAC_DESIGNED_FOR_IPHONE_IPAD = NO;
				SUPPORTS_XR_DESIGNED_FOR_IPHONE_IPAD = NO;
				SWIFT_EMIT_LOC_STRINGS = YES;
				SWIFT_VERSION = 5.0;
				TARGETED_DEVICE_FAMILY = 1;
			};
			name = Debug;
		};
		10869E902B8B9EFC0018D0E9 /* Release */ = {
			isa = XCBuildConfiguration;
			buildSettings = {
				ASSETCATALOG_COMPILER_APPICON_NAME = AppIcon;
				ASSETCATALOG_COMPILER_GLOBAL_ACCENT_COLOR_NAME = AccentColor;
				CODE_SIGN_STYLE = Automatic;
				CURRENT_PROJECT_VERSION = 1;
				GENERATE_INFOPLIST_FILE = YES;
				INFOPLIST_FILE = MillionaireApp/App/Info.plist;
				INFOPLIST_KEY_UIApplicationSupportsIndirectInputEvents = YES;
				INFOPLIST_KEY_UILaunchStoryboardName = LaunchScreen;
				INFOPLIST_KEY_UISupportedInterfaceOrientations = UIInterfaceOrientationPortrait;
				INFOPLIST_KEY_UISupportedInterfaceOrientations_iPad = "UIInterfaceOrientationLandscapeLeft UIInterfaceOrientationLandscapeRight UIInterfaceOrientationPortrait UIInterfaceOrientationPortraitUpsideDown";
				IPHONEOS_DEPLOYMENT_TARGET = 15.0;
				LD_RUNPATH_SEARCH_PATHS = (
					"$(inherited)",
					"@executable_path/Frameworks",
				);
				MARKETING_VERSION = 1.0;
				PRODUCT_BUNDLE_IDENTIFIER = com.pashagritskov.MillionaireApp;
				PRODUCT_NAME = "$(TARGET_NAME)";
				SUPPORTED_PLATFORMS = "iphoneos iphonesimulator";
				SUPPORTS_MACCATALYST = NO;
				SUPPORTS_MAC_DESIGNED_FOR_IPHONE_IPAD = NO;
				SUPPORTS_XR_DESIGNED_FOR_IPHONE_IPAD = NO;
				SWIFT_EMIT_LOC_STRINGS = YES;
				SWIFT_VERSION = 5.0;
				TARGETED_DEVICE_FAMILY = 1;
			};
			name = Release;
		};
/* End XCBuildConfiguration section */

/* Begin XCConfigurationList section */
		10869E752B8B9EFA0018D0E9 /* Build configuration list for PBXProject "MillionaireApp" */ = {
			isa = XCConfigurationList;
			buildConfigurations = (
				10869E8C2B8B9EFC0018D0E9 /* Debug */,
				10869E8D2B8B9EFC0018D0E9 /* Release */,
			);
			defaultConfigurationIsVisible = 0;
			defaultConfigurationName = Release;
		};
		10869E8E2B8B9EFC0018D0E9 /* Build configuration list for PBXNativeTarget "MillionaireApp" */ = {
			isa = XCConfigurationList;
			buildConfigurations = (
				10869E8F2B8B9EFC0018D0E9 /* Debug */,
				10869E902B8B9EFC0018D0E9 /* Release */,
			);
			defaultConfigurationIsVisible = 0;
			defaultConfigurationName = Release;
		};
/* End XCConfigurationList section */

/* Begin XCRemoteSwiftPackageReference section */
		102248FC2B8BA30A00F99D84 /* XCRemoteSwiftPackageReference "SnapKit" */ = {
			isa = XCRemoteSwiftPackageReference;
			repositoryURL = "https://github.com/SnapKit/SnapKit";
			requirement = {
				kind = upToNextMajorVersion;
				minimumVersion = 5.7.1;
			};
		};
/* End XCRemoteSwiftPackageReference section */

/* Begin XCSwiftPackageProductDependency section */
		102248FD2B8BA30A00F99D84 /* SnapKit */ = {
			isa = XCSwiftPackageProductDependency;
			package = 102248FC2B8BA30A00F99D84 /* XCRemoteSwiftPackageReference "SnapKit" */;
			productName = SnapKit;
		};
		102248FF2B8BA30A00F99D84 /* SnapKit-Dynamic */ = {
			isa = XCSwiftPackageProductDependency;
			package = 102248FC2B8BA30A00F99D84 /* XCRemoteSwiftPackageReference "SnapKit" */;
			productName = "SnapKit-Dynamic";
		};
/* End XCSwiftPackageProductDependency section */
	};
	rootObject = 10869E722B8B9EFA0018D0E9 /* Project object */;
}
